<Solution>
  <Folder Name="/build/">
    <File Path="Directory.Build.props" />
    <File Path="Directory.Packages.props" />
    <File Path="global.json" />
    <File Path="NuGet.Config" />
    <File Path="README.md" />
    <File Path="RELEASE_NOTES.md" />
  </Folder>
  <Folder Name="/agents/">
    <File Path="AGENTS.md" />
    <File Path="CLAUDE.md" />
    <File Path="PROJECT_CONTEXT.md" />
    <File Path="TOOLING.md" />
    <File Path="IMPLEMENTATION_PLAN.md" />
    <File Path="SPEC.md" />
    <File Path="SPEC.POWERSHELL.md" />
  </Folder>
  <Folder Name="/src/">
    <Project Path="src/ShellSyntaxTree/ShellSyntaxTree.csproj" />
  </Folder>
  <Folder Name="/tests/">
    <Project Path="tests/ShellSyntaxTree.Tests/ShellSyntaxTree.Tests.csproj" />
  </Folder>
  <Folder Name="/samples/">
    <Project Path="samples/ShellSyntaxTree.Cli.Sample/ShellSyntaxTree.Cli.Sample.csproj" />
    <Project Path="samples/ShellSyntaxTree.Web.Sample/ShellSyntaxTree.Web.Sample.csproj" />
  </Folder>
  <Folder Name="/tools/">
    <Project Path="tools/PwshCorpusTool/PwshCorpusTool.csproj" />
  </Folder>
</Solution>
